PODS:
  - Kingfisher (4.10.0)
  - ObjectMapper (3.3.0)
  - RxCocoa (4.3.1):
    - RxSwift (~> 4.0)
  - RxSwift (4.3.1)
  - RxTest (4.3.1):
    - RxSwift (~> 4.0)
  - Spring (1.0.5)
  - youtube-ios-player-helper (0.1.6)

DEPENDENCIES:
  - Kingfisher
  - ObjectMapper
  - RxCocoa (~> 4.0)
  - RxSwift (~> 4.0)
  - RxTest
  - Spring (from `https://github.com/MengTo/Spring.git`)
  - youtube-ios-player-helper

SPEC REPOS:
  https://github.com/CocoaPods/Specs.git:
    - Kingfisher
    - ObjectMapper
    - RxCocoa
    - RxSwift
    - RxTest
    - youtube-ios-player-helper

EXTERNAL SOURCES:
  Spring:
    :git: https://github.com/MengTo/Spring.git

CHECKOUT OPTIONS:
  Spring:
    :commit: d507c1244f944dcf675aa46fe024e2b2f40a662c
    :git: https://github.com/MengTo/Spring.git

SPEC CHECKSUMS:
  Kingfisher: 43c4b802d8b5256cf1f4379e9cd10b329be6d3e2
  ObjectMapper: b612bf8c8e99c4dc0bb6013a51f7c27966ed5da9
  RxCocoa: 78763c7b07d02455598d9fc3c1ad091a28b73635
  RxSwift: fe0fd770a43acdb7d0a53da411c9b892e69bb6e4
  RxTest: ea97a208826906f3904c0debdd09575ebcbfe216
  Spring: 3c7666eccefdeb87140008dc81043f89f8dbb787
  youtube-ios-player-helper: 21ab92db027c7ff86cb17a3843a3f6eafc8158d2

PODFILE CHECKSUM: ccb048c936c99c6b30371e379598105b4d775c51

COCOAPODS: 1.5.0
